
Microsoft Visual Studio Solution File, Format Version 12.00
# Visual Studio Version 17
VisualStudioVersion = 17.7.34031.279
MinimumVisualStudioVersion = 10.0.40219.1
Project("{FAE04EC0-301F-11D3-BF4B-00C04F79EFBC}") = "Practica-Johana_Solano_Cruz", "Practica-Johana_Solano_Cruz.csproj", "{75E389A6-3B7A-45E2-928D-6B6C8B95001E}"
EndProject
Global
	GlobalSection(SolutionConfigurationPlatforms) = preSolution
		Debug|Any CPU = Debug|Any CPU
		Release|Any CPU = Release|Any CPU
	EndGlobalSection
	GlobalSection(ProjectConfigurationPlatforms) = postSolution
		{75E389A6-3B7A-45E2-928D-6B6C8B95001E}.Debug|Any CPU.ActiveCfg = Debug|Any CPU
		{75E389A6-3B7A-45E2-928D-6B6C8B95001E}.Debug|Any CPU.Build.0 = Debug|Any CPU
		{75E389A6-3B7A-45E2-928D-6B6C8B95001E}.Release|Any CPU.ActiveCfg = Release|Any CPU
		{75E389A6-3B7A-45E2-928D-6B6C8B95001E}.Release|Any CPU.Build.0 = Release|Any CPU
	EndGlobalSection
	GlobalSection(SolutionProperties) = preSolution
		HideSolutionNode = FALSE
	EndGlobalSection
	GlobalSection(ExtensibilityGlobals) = postSolution
		SolutionGuid = {4D56FE2A-C4E3-4145-94FC-4A3B78E85FD9}
	EndGlobalSection
EndGlobal
